
Microsoft Visual Studio Solution File, Format Version 12.00
# Visual Studio Version 17
VisualStudioVersion = 17.0.31410.414
MinimumVisualStudioVersion = 10.0.40219.1
Project("{2150E333-8FDC-42A3-9474-1A3956D46DE8}") = "AorakiNet6", "AorakiNet6", "{A2B36B78-A7F1-45C2-8AA1-6446E71A1C11}"
	ProjectSection(SolutionItems) = preProject
		.editorconfig = .editorconfig
		Directory.Build.props = Directory.Build.props
		global.json = global.json
		ReadMe.md = ReadMe.md
		TelerikNuGetPackages\ReadMe.Telerik.md = TelerikNuGetPackages\ReadMe.Telerik.md
	EndProjectSection
EndProject
Project("{9A19103F-16F7-4668-BE54-9A1E7A4F7556}") = "PDP.DREAM.NexusDataLib", "PDP.DREAM.NexusDataLib\PDP.DREAM.NexusDataLib.csproj", "{4BAF2AC7-F985-445F-86C4-14CB081EA88A}"
EndProject
Project("{9A19103F-16F7-4668-BE54-9A1E7A4F7556}") = "PDP.DREAM.ScribeDataLib", "PDP.DREAM.ScribeDataLib\PDP.DREAM.ScribeDataLib.csproj", "{D0CB2BA5-EB3D-40FF-8118-E08270698E8A}"
EndProject
Project("{9A19103F-16F7-4668-BE54-9A1E7A4F7556}") = "PDP.DREAM.CoreDataLib", "PDP.DREAM.CoreDataLib\PDP.DREAM.CoreDataLib.csproj", "{B875C5D7-4633-4716-87E6-D189BB014D58}"
EndProject
Project("{9A19103F-16F7-4668-BE54-9A1E7A4F7556}") = "PDP.DREAM.NexusWebLib", "PDP.DREAM.NexusWebLib\PDP.DREAM.NexusWebLib.csproj", "{6D76D748-FDAB-4E79-A4F0-6FC52117C2D8}"
EndProject
Project("{9A19103F-16F7-4668-BE54-9A1E7A4F7556}") = "PDP.DREAM.ScribeWebLib", "PDP.DREAM.ScribeWebLib\PDP.DREAM.ScribeWebLib.csproj", "{BD870A23-63B1-4B65-8182-46B9637B0A66}"
EndProject
Project("{2150E333-8FDC-42A3-9474-1A3956D46DE8}") = "Libraries", "Libraries", "{C892A8E8-D3AC-406C-8465-B53C84238F2D}"
EndProject
Project("{9A19103F-16F7-4668-BE54-9A1E7A4F7556}") = "PDP.DREAM.CoreWebLib", "PDP.DREAM.CoreWebLib\PDP.DREAM.CoreWebLib.csproj", "{D811D088-93DF-403B-B232-A0CBD6A93F5B}"
EndProject
Project("{2150E333-8FDC-42A3-9474-1A3956D46DE8}") = "RestApis", "RestApis", "{A79A26D6-3B7A-4BEB-BF9D-0E6C8CAD2D0D}"
EndProject
Project("{9A19103F-16F7-4668-BE54-9A1E7A4F7556}") = "PDP.DREAM.NexusRestApi", "PDP.DREAM.NexusRestApi\PDP.DREAM.NexusRestApi.csproj", "{88AABDDB-179B-4135-9BFE-4F427319B8EE}"
EndProject
Project("{9A19103F-16F7-4668-BE54-9A1E7A4F7556}") = "PDP.DREAM.CoreWebApp", "PDP.DREAM.CoreWebApp\PDP.DREAM.CoreWebApp.csproj", "{FED32D02-7F85-444E-A893-E1D1EACD4C8A}"
EndProject
Project("{2150E333-8FDC-42A3-9474-1A3956D46DE8}") = "WebApps", "WebApps", "{0B89B35E-DEBC-498E-8142-3CD9F575F3FA}"
EndProject
Project("{9A19103F-16F7-4668-BE54-9A1E7A4F7556}") = "PDP.DREAM.ScribeRestApi", "PDP.DREAM.ScribeRestApi\PDP.DREAM.ScribeRestApi.csproj", "{9A8748A1-28D5-43D5-8059-8A88822AEABB}"
EndProject
Project("{9A19103F-16F7-4668-BE54-9A1E7A4F7556}") = "PDP.DREAM.NexusWebApp", "PDP.DREAM.NexusWebApp\PDP.DREAM.NexusWebApp.csproj", "{633D2720-EF15-4222-9046-5D3850383583}"
EndProject
Project("{9A19103F-16F7-4668-BE54-9A1E7A4F7556}") = "PDP.DREAM.ScribeWebApp", "PDP.DREAM.ScribeWebApp\PDP.DREAM.ScribeWebApp.csproj", "{E8940D97-AD53-49DF-8496-07D396629AA5}"
EndProject
Global
	GlobalSection(SolutionConfigurationPlatforms) = preSolution
		Debug|ARM64 = Debug|ARM64
		Debug|x64 = Debug|x64
		Release|ARM64 = Release|ARM64
		Release|x64 = Release|x64
	EndGlobalSection
	GlobalSection(ProjectConfigurationPlatforms) = postSolution
		{4BAF2AC7-F985-445F-86C4-14CB081EA88A}.Debug|ARM64.ActiveCfg = Debug|ARM64
		{4BAF2AC7-F985-445F-86C4-14CB081EA88A}.Debug|ARM64.Build.0 = Debug|ARM64
		{4BAF2AC7-F985-445F-86C4-14CB081EA88A}.Debug|x64.ActiveCfg = Debug|x64
		{4BAF2AC7-F985-445F-86C4-14CB081EA88A}.Debug|x64.Build.0 = Debug|x64
		{4BAF2AC7-F985-445F-86C4-14CB081EA88A}.Release|ARM64.ActiveCfg = Release|ARM64
		{4BAF2AC7-F985-445F-86C4-14CB081EA88A}.Release|ARM64.Build.0 = Release|ARM64
		{4BAF2AC7-F985-445F-86C4-14CB081EA88A}.Release|x64.ActiveCfg = Release|x64
		{4BAF2AC7-F985-445F-86C4-14CB081EA88A}.Release|x64.Build.0 = Release|x64
		{D0CB2BA5-EB3D-40FF-8118-E08270698E8A}.Debug|ARM64.ActiveCfg = Debug|ARM64
		{D0CB2BA5-EB3D-40FF-8118-E08270698E8A}.Debug|ARM64.Build.0 = Debug|ARM64
		{D0CB2BA5-EB3D-40FF-8118-E08270698E8A}.Debug|x64.ActiveCfg = Debug|x64
		{D0CB2BA5-EB3D-40FF-8118-E08270698E8A}.Debug|x64.Build.0 = Debug|x64
		{D0CB2BA5-EB3D-40FF-8118-E08270698E8A}.Release|ARM64.ActiveCfg = Release|ARM64
		{D0CB2BA5-EB3D-40FF-8118-E08270698E8A}.Release|ARM64.Build.0 = Release|ARM64
		{D0CB2BA5-EB3D-40FF-8118-E08270698E8A}.Release|x64.ActiveCfg = Release|x64
		{D0CB2BA5-EB3D-40FF-8118-E08270698E8A}.Release|x64.Build.0 = Release|x64
		{B875C5D7-4633-4716-87E6-D189BB014D58}.Debug|ARM64.ActiveCfg = Debug|ARM64
		{B875C5D7-4633-4716-87E6-D189BB014D58}.Debug|ARM64.Build.0 = Debug|ARM64
		{B875C5D7-4633-4716-87E6-D189BB014D58}.Debug|x64.ActiveCfg = Debug|x64
		{B875C5D7-4633-4716-87E6-D189BB014D58}.Debug|x64.Build.0 = Debug|x64
		{B875C5D7-4633-4716-87E6-D189BB014D58}.Release|ARM64.ActiveCfg = Release|ARM64
		{B875C5D7-4633-4716-87E6-D189BB014D58}.Release|ARM64.Build.0 = Release|ARM64
		{B875C5D7-4633-4716-87E6-D189BB014D58}.Release|x64.ActiveCfg = Release|x64
		{B875C5D7-4633-4716-87E6-D189BB014D58}.Release|x64.Build.0 = Release|x64
		{6D76D748-FDAB-4E79-A4F0-6FC52117C2D8}.Debug|ARM64.ActiveCfg = Debug|ARM64
		{6D76D748-FDAB-4E79-A4F0-6FC52117C2D8}.Debug|ARM64.Build.0 = Debug|ARM64
		{6D76D748-FDAB-4E79-A4F0-6FC52117C2D8}.Debug|x64.ActiveCfg = Debug|x64
		{6D76D748-FDAB-4E79-A4F0-6FC52117C2D8}.Debug|x64.Build.0 = Debug|x64
		{6D76D748-FDAB-4E79-A4F0-6FC52117C2D8}.Release|ARM64.ActiveCfg = Release|ARM64
		{6D76D748-FDAB-4E79-A4F0-6FC52117C2D8}.Release|ARM64.Build.0 = Release|ARM64
		{6D76D748-FDAB-4E79-A4F0-6FC52117C2D8}.Release|x64.ActiveCfg = Release|x64
		{6D76D748-FDAB-4E79-A4F0-6FC52117C2D8}.Release|x64.Build.0 = Release|x64
		{BD870A23-63B1-4B65-8182-46B9637B0A66}.Debug|ARM64.ActiveCfg = Debug|ARM64
		{BD870A23-63B1-4B65-8182-46B9637B0A66}.Debug|ARM64.Build.0 = Debug|ARM64
		{BD870A23-63B1-4B65-8182-46B9637B0A66}.Debug|x64.ActiveCfg = Debug|x64
		{BD870A23-63B1-4B65-8182-46B9637B0A66}.Debug|x64.Build.0 = Debug|x64
		{BD870A23-63B1-4B65-8182-46B9637B0A66}.Release|ARM64.ActiveCfg = Release|ARM64
		{BD870A23-63B1-4B65-8182-46B9637B0A66}.Release|ARM64.Build.0 = Release|ARM64
		{BD870A23-63B1-4B65-8182-46B9637B0A66}.Release|x64.ActiveCfg = Release|x64
		{BD870A23-63B1-4B65-8182-46B9637B0A66}.Release|x64.Build.0 = Release|x64
		{D811D088-93DF-403B-B232-A0CBD6A93F5B}.Debug|ARM64.ActiveCfg = Debug|ARM64
		{D811D088-93DF-403B-B232-A0CBD6A93F5B}.Debug|ARM64.Build.0 = Debug|ARM64
		{D811D088-93DF-403B-B232-A0CBD6A93F5B}.Debug|x64.ActiveCfg = Debug|x64
		{D811D088-93DF-403B-B232-A0CBD6A93F5B}.Debug|x64.Build.0 = Debug|x64
		{D811D088-93DF-403B-B232-A0CBD6A93F5B}.Release|ARM64.ActiveCfg = Release|ARM64
		{D811D088-93DF-403B-B232-A0CBD6A93F5B}.Release|ARM64.Build.0 = Release|ARM64
		{D811D088-93DF-403B-B232-A0CBD6A93F5B}.Release|x64.ActiveCfg = Release|x64
		{D811D088-93DF-403B-B232-A0CBD6A93F5B}.Release|x64.Build.0 = Release|x64
		{88AABDDB-179B-4135-9BFE-4F427319B8EE}.Debug|ARM64.ActiveCfg = Debug|ARM64
		{88AABDDB-179B-4135-9BFE-4F427319B8EE}.Debug|ARM64.Build.0 = Debug|ARM64
		{88AABDDB-179B-4135-9BFE-4F427319B8EE}.Debug|x64.ActiveCfg = Debug|x64
		{88AABDDB-179B-4135-9BFE-4F427319B8EE}.Debug|x64.Build.0 = Debug|x64
		{88AABDDB-179B-4135-9BFE-4F427319B8EE}.Release|ARM64.ActiveCfg = Release|ARM64
		{88AABDDB-179B-4135-9BFE-4F427319B8EE}.Release|ARM64.Build.0 = Release|ARM64
		{88AABDDB-179B-4135-9BFE-4F427319B8EE}.Release|x64.ActiveCfg = Release|x64
		{88AABDDB-179B-4135-9BFE-4F427319B8EE}.Release|x64.Build.0 = Release|x64
		{FED32D02-7F85-444E-A893-E1D1EACD4C8A}.Debug|ARM64.ActiveCfg = Debug|ARM64
		{FED32D02-7F85-444E-A893-E1D1EACD4C8A}.Debug|ARM64.Build.0 = Debug|ARM64
		{FED32D02-7F85-444E-A893-E1D1EACD4C8A}.Debug|x64.ActiveCfg = Debug|x64
		{FED32D02-7F85-444E-A893-E1D1EACD4C8A}.Debug|x64.Build.0 = Debug|x64
		{FED32D02-7F85-444E-A893-E1D1EACD4C8A}.Release|ARM64.ActiveCfg = Release|ARM64
		{FED32D02-7F85-444E-A893-E1D1EACD4C8A}.Release|ARM64.Build.0 = Release|ARM64
		{FED32D02-7F85-444E-A893-E1D1EACD4C8A}.Release|x64.ActiveCfg = Release|x64
		{FED32D02-7F85-444E-A893-E1D1EACD4C8A}.Release|x64.Build.0 = Release|x64
		{9A8748A1-28D5-43D5-8059-8A88822AEABB}.Debug|ARM64.ActiveCfg = Debug|ARM64
		{9A8748A1-28D5-43D5-8059-8A88822AEABB}.Debug|ARM64.Build.0 = Debug|ARM64
		{9A8748A1-28D5-43D5-8059-8A88822AEABB}.Debug|x64.ActiveCfg = Debug|x64
		{9A8748A1-28D5-43D5-8059-8A88822AEABB}.Debug|x64.Build.0 = Debug|x64
		{9A8748A1-28D5-43D5-8059-8A88822AEABB}.Release|ARM64.ActiveCfg = Release|ARM64
		{9A8748A1-28D5-43D5-8059-8A88822AEABB}.Release|ARM64.Build.0 = Release|ARM64
		{9A8748A1-28D5-43D5-8059-8A88822AEABB}.Release|x64.ActiveCfg = Release|x64
		{9A8748A1-28D5-43D5-8059-8A88822AEABB}.Release|x64.Build.0 = Release|x64
		{633D2720-EF15-4222-9046-5D3850383583}.Debug|ARM64.ActiveCfg = Debug|ARM64
		{633D2720-EF15-4222-9046-5D3850383583}.Debug|ARM64.Build.0 = Debug|ARM64
		{633D2720-EF15-4222-9046-5D3850383583}.Debug|x64.ActiveCfg = Debug|x64
		{633D2720-EF15-4222-9046-5D3850383583}.Debug|x64.Build.0 = Debug|x64
		{633D2720-EF15-4222-9046-5D3850383583}.Release|ARM64.ActiveCfg = Release|ARM64
		{633D2720-EF15-4222-9046-5D3850383583}.Release|ARM64.Build.0 = Release|ARM64
		{633D2720-EF15-4222-9046-5D3850383583}.Release|x64.ActiveCfg = Release|x64
		{633D2720-EF15-4222-9046-5D3850383583}.Release|x64.Build.0 = Release|x64
		{E8940D97-AD53-49DF-8496-07D396629AA5}.Debug|ARM64.ActiveCfg = Debug|ARM64
		{E8940D97-AD53-49DF-8496-07D396629AA5}.Debug|ARM64.Build.0 = Debug|ARM64
		{E8940D97-AD53-49DF-8496-07D396629AA5}.Debug|x64.ActiveCfg = Debug|x64
		{E8940D97-AD53-49DF-8496-07D396629AA5}.Debug|x64.Build.0 = Debug|x64
		{E8940D97-AD53-49DF-8496-07D396629AA5}.Release|ARM64.ActiveCfg = Release|ARM64
		{E8940D97-AD53-49DF-8496-07D396629AA5}.Release|ARM64.Build.0 = Release|ARM64
		{E8940D97-AD53-49DF-8496-07D396629AA5}.Release|x64.ActiveCfg = Release|x64
		{E8940D97-AD53-49DF-8496-07D396629AA5}.Release|x64.Build.0 = Release|x64
	EndGlobalSection
	GlobalSection(SolutionProperties) = preSolution
		HideSolutionNode = FALSE
	EndGlobalSection
	GlobalSection(NestedProjects) = preSolution
		{4BAF2AC7-F985-445F-86C4-14CB081EA88A} = {C892A8E8-D3AC-406C-8465-B53C84238F2D}
		{D0CB2BA5-EB3D-40FF-8118-E08270698E8A} = {C892A8E8-D3AC-406C-8465-B53C84238F2D}
		{B875C5D7-4633-4716-87E6-D189BB014D58} = {C892A8E8-D3AC-406C-8465-B53C84238F2D}
		{6D76D748-FDAB-4E79-A4F0-6FC52117C2D8} = {C892A8E8-D3AC-406C-8465-B53C84238F2D}
		{BD870A23-63B1-4B65-8182-46B9637B0A66} = {C892A8E8-D3AC-406C-8465-B53C84238F2D}
		{D811D088-93DF-403B-B232-A0CBD6A93F5B} = {C892A8E8-D3AC-406C-8465-B53C84238F2D}
		{88AABDDB-179B-4135-9BFE-4F427319B8EE} = {A79A26D6-3B7A-4BEB-BF9D-0E6C8CAD2D0D}
		{FED32D02-7F85-444E-A893-E1D1EACD4C8A} = {0B89B35E-DEBC-498E-8142-3CD9F575F3FA}
		{9A8748A1-28D5-43D5-8059-8A88822AEABB} = {A79A26D6-3B7A-4BEB-BF9D-0E6C8CAD2D0D}
		{633D2720-EF15-4222-9046-5D3850383583} = {0B89B35E-DEBC-498E-8142-3CD9F575F3FA}
		{E8940D97-AD53-49DF-8496-07D396629AA5} = {0B89B35E-DEBC-498E-8142-3CD9F575F3FA}
	EndGlobalSection
	GlobalSection(ExtensibilityGlobals) = postSolution
		SolutionGuid = {4A19E975-BE90-49DB-A23D-D10B921F57B3}
	EndGlobalSection
EndGlobal
