
Microsoft Visual Studio Solution File, Format Version 12.00
# Visual Studio Version 17
VisualStudioVersion = 17.0.31410.414
MinimumVisualStudioVersion = 10.0.40219.1
Project("{2150E333-8FDC-42A3-9474-1A3956D46DE8}") = "CervinNetP", "CervinNetP", "{A2B36B78-A7F1-45C2-8AA1-6446E71A1C11}"
	ProjectSection(SolutionItems) = preProject
		.editorconfig = .editorconfig
		.runsettings = .runsettings
		Directory.Build.props = Directory.Build.props
		global.json = global.json
		LICENSE.txt = LICENSE.txt
		ReadMe.md = ReadMe.md
	EndProjectSection
EndProject
Project("{9A19103F-16F7-4668-BE54-9A1E7A4F7556}") = "PDP.DREAM.NexusDataLib", "PDP.DREAM.NexusDataLib\PDP.DREAM.NexusDataLib.csproj", "{4BAF2AC7-F985-445F-86C4-14CB081EA88A}"
EndProject
Project("{9A19103F-16F7-4668-BE54-9A1E7A4F7556}") = "PDP.DREAM.ScribeDataLib", "PDP.DREAM.ScribeDataLib\PDP.DREAM.ScribeDataLib.csproj", "{D0CB2BA5-EB3D-40FF-8118-E08270698E8A}"
EndProject
Project("{9A19103F-16F7-4668-BE54-9A1E7A4F7556}") = "PDP.DREAM.CoreDataLib", "PDP.DREAM.CoreDataLib\PDP.DREAM.CoreDataLib.csproj", "{B875C5D7-4633-4716-87E6-D189BB014D58}"
EndProject
Project("{9A19103F-16F7-4668-BE54-9A1E7A4F7556}") = "PDP.DREAM.NexusWebLib", "PDP.DREAM.NexusWebLib\PDP.DREAM.NexusWebLib.csproj", "{6D76D748-FDAB-4E79-A4F0-6FC52117C2D8}"
EndProject
Project("{9A19103F-16F7-4668-BE54-9A1E7A4F7556}") = "PDP.DREAM.ScribeWebLib", "PDP.DREAM.ScribeWebLib\PDP.DREAM.ScribeWebLib.csproj", "{BD870A23-63B1-4B65-8182-46B9637B0A66}"
EndProject
Project("{2150E333-8FDC-42A3-9474-1A3956D46DE8}") = "Libraries", "Libraries", "{C892A8E8-D3AC-406C-8465-B53C84238F2D}"
EndProject
Project("{9A19103F-16F7-4668-BE54-9A1E7A4F7556}") = "PDP.DREAM.CoreWebLib", "PDP.DREAM.CoreWebLib\PDP.DREAM.CoreWebLib.csproj", "{D811D088-93DF-403B-B232-A0CBD6A93F5B}"
EndProject
Global
	GlobalSection(SolutionConfigurationPlatforms) = preSolution
		Debug|ARM64 = Debug|ARM64
		Debug|x64 = Debug|x64
		Release|ARM64 = Release|ARM64
		Release|x64 = Release|x64
	EndGlobalSection
	GlobalSection(ProjectConfigurationPlatforms) = postSolution
		{4BAF2AC7-F985-445F-86C4-14CB081EA88A}.Debug|ARM64.ActiveCfg = Debug|ARM64
		{4BAF2AC7-F985-445F-86C4-14CB081EA88A}.Debug|ARM64.Build.0 = Debug|ARM64
		{4BAF2AC7-F985-445F-86C4-14CB081EA88A}.Debug|x64.ActiveCfg = Debug|x64
		{4BAF2AC7-F985-445F-86C4-14CB081EA88A}.Debug|x64.Build.0 = Debug|x64
		{4BAF2AC7-F985-445F-86C4-14CB081EA88A}.Release|ARM64.ActiveCfg = Release|ARM64
		{4BAF2AC7-F985-445F-86C4-14CB081EA88A}.Release|ARM64.Build.0 = Release|ARM64
		{4BAF2AC7-F985-445F-86C4-14CB081EA88A}.Release|x64.ActiveCfg = Release|x64
		{4BAF2AC7-F985-445F-86C4-14CB081EA88A}.Release|x64.Build.0 = Release|x64
		{D0CB2BA5-EB3D-40FF-8118-E08270698E8A}.Debug|ARM64.ActiveCfg = Debug|ARM64
		{D0CB2BA5-EB3D-40FF-8118-E08270698E8A}.Debug|ARM64.Build.0 = Debug|ARM64
		{D0CB2BA5-EB3D-40FF-8118-E08270698E8A}.Debug|x64.ActiveCfg = Debug|x64
		{D0CB2BA5-EB3D-40FF-8118-E08270698E8A}.Debug|x64.Build.0 = Debug|x64
		{D0CB2BA5-EB3D-40FF-8118-E08270698E8A}.Release|ARM64.ActiveCfg = Release|ARM64
		{D0CB2BA5-EB3D-40FF-8118-E08270698E8A}.Release|ARM64.Build.0 = Release|ARM64
		{D0CB2BA5-EB3D-40FF-8118-E08270698E8A}.Release|x64.ActiveCfg = Release|x64
		{D0CB2BA5-EB3D-40FF-8118-E08270698E8A}.Release|x64.Build.0 = Release|x64
		{B875C5D7-4633-4716-87E6-D189BB014D58}.Debug|ARM64.ActiveCfg = Debug|ARM64
		{B875C5D7-4633-4716-87E6-D189BB014D58}.Debug|ARM64.Build.0 = Debug|ARM64
		{B875C5D7-4633-4716-87E6-D189BB014D58}.Debug|x64.ActiveCfg = Debug|x64
		{B875C5D7-4633-4716-87E6-D189BB014D58}.Debug|x64.Build.0 = Debug|x64
		{B875C5D7-4633-4716-87E6-D189BB014D58}.Release|ARM64.ActiveCfg = Release|ARM64
		{B875C5D7-4633-4716-87E6-D189BB014D58}.Release|ARM64.Build.0 = Release|ARM64
		{B875C5D7-4633-4716-87E6-D189BB014D58}.Release|x64.ActiveCfg = Release|x64
		{B875C5D7-4633-4716-87E6-D189BB014D58}.Release|x64.Build.0 = Release|x64
		{6D76D748-FDAB-4E79-A4F0-6FC52117C2D8}.Debug|ARM64.ActiveCfg = Debug|ARM64
		{6D76D748-FDAB-4E79-A4F0-6FC52117C2D8}.Debug|ARM64.Build.0 = Debug|ARM64
		{6D76D748-FDAB-4E79-A4F0-6FC52117C2D8}.Debug|x64.ActiveCfg = Debug|x64
		{6D76D748-FDAB-4E79-A4F0-6FC52117C2D8}.Debug|x64.Build.0 = Debug|x64
		{6D76D748-FDAB-4E79-A4F0-6FC52117C2D8}.Release|ARM64.ActiveCfg = Release|ARM64
		{6D76D748-FDAB-4E79-A4F0-6FC52117C2D8}.Release|ARM64.Build.0 = Release|ARM64
		{6D76D748-FDAB-4E79-A4F0-6FC52117C2D8}.Release|x64.ActiveCfg = Release|x64
		{6D76D748-FDAB-4E79-A4F0-6FC52117C2D8}.Release|x64.Build.0 = Release|x64
		{BD870A23-63B1-4B65-8182-46B9637B0A66}.Debug|ARM64.ActiveCfg = Debug|ARM64
		{BD870A23-63B1-4B65-8182-46B9637B0A66}.Debug|ARM64.Build.0 = Debug|ARM64
		{BD870A23-63B1-4B65-8182-46B9637B0A66}.Debug|x64.ActiveCfg = Debug|x64
		{BD870A23-63B1-4B65-8182-46B9637B0A66}.Debug|x64.Build.0 = Debug|x64
		{BD870A23-63B1-4B65-8182-46B9637B0A66}.Release|ARM64.ActiveCfg = Release|ARM64
		{BD870A23-63B1-4B65-8182-46B9637B0A66}.Release|ARM64.Build.0 = Release|ARM64
		{BD870A23-63B1-4B65-8182-46B9637B0A66}.Release|x64.ActiveCfg = Release|x64
		{BD870A23-63B1-4B65-8182-46B9637B0A66}.Release|x64.Build.0 = Release|x64
		{D811D088-93DF-403B-B232-A0CBD6A93F5B}.Debug|ARM64.ActiveCfg = Debug|ARM64
		{D811D088-93DF-403B-B232-A0CBD6A93F5B}.Debug|ARM64.Build.0 = Debug|ARM64
		{D811D088-93DF-403B-B232-A0CBD6A93F5B}.Debug|x64.ActiveCfg = Debug|x64
		{D811D088-93DF-403B-B232-A0CBD6A93F5B}.Debug|x64.Build.0 = Debug|x64
		{D811D088-93DF-403B-B232-A0CBD6A93F5B}.Release|ARM64.ActiveCfg = Release|ARM64
		{D811D088-93DF-403B-B232-A0CBD6A93F5B}.Release|ARM64.Build.0 = Release|ARM64
		{D811D088-93DF-403B-B232-A0CBD6A93F5B}.Release|x64.ActiveCfg = Release|x64
		{D811D088-93DF-403B-B232-A0CBD6A93F5B}.Release|x64.Build.0 = Release|x64
	EndGlobalSection
	GlobalSection(SolutionProperties) = preSolution
		HideSolutionNode = FALSE
	EndGlobalSection
	GlobalSection(NestedProjects) = preSolution
		{4BAF2AC7-F985-445F-86C4-14CB081EA88A} = {C892A8E8-D3AC-406C-8465-B53C84238F2D}
		{D0CB2BA5-EB3D-40FF-8118-E08270698E8A} = {C892A8E8-D3AC-406C-8465-B53C84238F2D}
		{B875C5D7-4633-4716-87E6-D189BB014D58} = {C892A8E8-D3AC-406C-8465-B53C84238F2D}
		{6D76D748-FDAB-4E79-A4F0-6FC52117C2D8} = {C892A8E8-D3AC-406C-8465-B53C84238F2D}
		{BD870A23-63B1-4B65-8182-46B9637B0A66} = {C892A8E8-D3AC-406C-8465-B53C84238F2D}
		{D811D088-93DF-403B-B232-A0CBD6A93F5B} = {C892A8E8-D3AC-406C-8465-B53C84238F2D}
	EndGlobalSection
	GlobalSection(ExtensibilityGlobals) = postSolution
		SolutionGuid = {4A19E975-BE90-49DB-A23D-D10B921F57B3}
	EndGlobalSection
EndGlobal
