
Microsoft Visual Studio Solution File, Format Version 12.00
# Visual Studio Version 17
VisualStudioVersion = 17.0.31410.414
MinimumVisualStudioVersion = 10.0.40219.1
Project("{2150E333-8FDC-42A3-9474-1A3956D46DE8}") = "GangkharNet8", "GangkharNet8", "{A2B36B78-A7F1-45C2-8AA1-6446E71A1C11}"
	ProjectSection(SolutionItems) = preProject
		.editorconfig = .editorconfig
		Directory.Build.props = Directory.Build.props
		global.json = global.json
		ReadMe.md = ReadMe.md
		TelerikNuGetPackages\ReadMe.Telerik.md = TelerikNuGetPackages\ReadMe.Telerik.md
	EndProjectSection
EndProject
Project("{9A19103F-16F7-4668-BE54-9A1E7A4F7556}") = "PDP.DREAM.NexusDataLib", "PDP.DREAM.NexusDataLib\PDP.DREAM.NexusDataLib.csproj", "{4BAF2AC7-F985-445F-86C4-14CB081EA88A}"
EndProject
Project("{9A19103F-16F7-4668-BE54-9A1E7A4F7556}") = "PDP.DREAM.ScribeDataLib", "PDP.DREAM.ScribeDataLib\PDP.DREAM.ScribeDataLib.csproj", "{D0CB2BA5-EB3D-40FF-8118-E08270698E8A}"
EndProject
Project("{9A19103F-16F7-4668-BE54-9A1E7A4F7556}") = "PDP.DREAM.CoreDataLib", "PDP.DREAM.CoreDataLib\PDP.DREAM.CoreDataLib.csproj", "{B875C5D7-4633-4716-87E6-D189BB014D58}"
EndProject
Project("{9A19103F-16F7-4668-BE54-9A1E7A4F7556}") = "PDP.DREAM.NexusWebLib", "PDP.DREAM.NexusWebLib\PDP.DREAM.NexusWebLib.csproj", "{6D76D748-FDAB-4E79-A4F0-6FC52117C2D8}"
EndProject
Project("{9A19103F-16F7-4668-BE54-9A1E7A4F7556}") = "PDP.DREAM.ScribeWebLib", "PDP.DREAM.ScribeWebLib\PDP.DREAM.ScribeWebLib.csproj", "{BD870A23-63B1-4B65-8182-46B9637B0A66}"
EndProject
Project("{9A19103F-16F7-4668-BE54-9A1E7A4F7556}") = "PDP.DREAM.CoreWebLib", "PDP.DREAM.CoreWebLib\PDP.DREAM.CoreWebLib.csproj", "{14C84B93-7D70-4E29-9CAA-7826C241EF5C}"
EndProject
Project("{2150E333-8FDC-42A3-9474-1A3956D46DE8}") = "CodeLibs", "CodeLibs", "{43344893-1C5C-4D73-ABB8-DCDAD09B05EB}"
EndProject
Project("{2150E333-8FDC-42A3-9474-1A3956D46DE8}") = "ProgTests", "ProgTests", "{2666A902-E6C9-430B-BC28-E54E8994943D}"
EndProject
Project("{9A19103F-16F7-4668-BE54-9A1E7A4F7556}") = "PDP.ProgTest.CoreWebApp", "PDP.ProgTest.CoreWebApp\PDP.ProgTest.CoreWebApp.csproj", "{A3A9AF10-0FD7-49E9-BECF-FEC1402DB8F2}"
EndProject
Project("{9A19103F-16F7-4668-BE54-9A1E7A4F7556}") = "PDP.ProgTest.NexusRestApi", "PDP.ProgTest.NexusRestApi\PDP.ProgTest.NexusRestApi.csproj", "{99869298-C2BB-41AE-8CA4-ED1E7AF99131}"
EndProject
Project("{9A19103F-16F7-4668-BE54-9A1E7A4F7556}") = "PDP.ProgTest.NexusWebApp", "PDP.ProgTest.NexusWebApp\PDP.ProgTest.NexusWebApp.csproj", "{BA680E70-3F6B-43BD-9BAF-364068B9B816}"
EndProject
Project("{9A19103F-16F7-4668-BE54-9A1E7A4F7556}") = "PDP.ProgTest.ScribeRestApi", "PDP.ProgTest.ScribeRestApi\PDP.ProgTest.ScribeRestApi.csproj", "{E95E3717-5D81-4BB6-92F3-3C34EE2674ED}"
EndProject
Project("{9A19103F-16F7-4668-BE54-9A1E7A4F7556}") = "PDP.ProgTest.ScribeWebApp", "PDP.ProgTest.ScribeWebApp\PDP.ProgTest.ScribeWebApp.csproj", "{79E14FC5-4FF2-4292-B160-046547FEB3F5}"
EndProject
Global
	GlobalSection(SolutionConfigurationPlatforms) = preSolution
		Debug|ARM64 = Debug|ARM64
		Debug|x64 = Debug|x64
		Release|ARM64 = Release|ARM64
		Release|x64 = Release|x64
	EndGlobalSection
	GlobalSection(ProjectConfigurationPlatforms) = postSolution
		{4BAF2AC7-F985-445F-86C4-14CB081EA88A}.Debug|ARM64.ActiveCfg = Debug|ARM64
		{4BAF2AC7-F985-445F-86C4-14CB081EA88A}.Debug|ARM64.Build.0 = Debug|ARM64
		{4BAF2AC7-F985-445F-86C4-14CB081EA88A}.Debug|x64.ActiveCfg = Debug|x64
		{4BAF2AC7-F985-445F-86C4-14CB081EA88A}.Debug|x64.Build.0 = Debug|x64
		{4BAF2AC7-F985-445F-86C4-14CB081EA88A}.Release|ARM64.ActiveCfg = Release|ARM64
		{4BAF2AC7-F985-445F-86C4-14CB081EA88A}.Release|ARM64.Build.0 = Release|ARM64
		{4BAF2AC7-F985-445F-86C4-14CB081EA88A}.Release|x64.ActiveCfg = Release|x64
		{4BAF2AC7-F985-445F-86C4-14CB081EA88A}.Release|x64.Build.0 = Release|x64
		{D0CB2BA5-EB3D-40FF-8118-E08270698E8A}.Debug|ARM64.ActiveCfg = Debug|ARM64
		{D0CB2BA5-EB3D-40FF-8118-E08270698E8A}.Debug|ARM64.Build.0 = Debug|ARM64
		{D0CB2BA5-EB3D-40FF-8118-E08270698E8A}.Debug|x64.ActiveCfg = Debug|x64
		{D0CB2BA5-EB3D-40FF-8118-E08270698E8A}.Debug|x64.Build.0 = Debug|x64
		{D0CB2BA5-EB3D-40FF-8118-E08270698E8A}.Release|ARM64.ActiveCfg = Release|ARM64
		{D0CB2BA5-EB3D-40FF-8118-E08270698E8A}.Release|ARM64.Build.0 = Release|ARM64
		{D0CB2BA5-EB3D-40FF-8118-E08270698E8A}.Release|x64.ActiveCfg = Release|x64
		{D0CB2BA5-EB3D-40FF-8118-E08270698E8A}.Release|x64.Build.0 = Release|x64
		{B875C5D7-4633-4716-87E6-D189BB014D58}.Debug|ARM64.ActiveCfg = Debug|ARM64
		{B875C5D7-4633-4716-87E6-D189BB014D58}.Debug|ARM64.Build.0 = Debug|ARM64
		{B875C5D7-4633-4716-87E6-D189BB014D58}.Debug|x64.ActiveCfg = Debug|x64
		{B875C5D7-4633-4716-87E6-D189BB014D58}.Debug|x64.Build.0 = Debug|x64
		{B875C5D7-4633-4716-87E6-D189BB014D58}.Release|ARM64.ActiveCfg = Release|ARM64
		{B875C5D7-4633-4716-87E6-D189BB014D58}.Release|ARM64.Build.0 = Release|ARM64
		{B875C5D7-4633-4716-87E6-D189BB014D58}.Release|x64.ActiveCfg = Release|x64
		{B875C5D7-4633-4716-87E6-D189BB014D58}.Release|x64.Build.0 = Release|x64
		{6D76D748-FDAB-4E79-A4F0-6FC52117C2D8}.Debug|ARM64.ActiveCfg = Debug|ARM64
		{6D76D748-FDAB-4E79-A4F0-6FC52117C2D8}.Debug|ARM64.Build.0 = Debug|ARM64
		{6D76D748-FDAB-4E79-A4F0-6FC52117C2D8}.Debug|x64.ActiveCfg = Debug|x64
		{6D76D748-FDAB-4E79-A4F0-6FC52117C2D8}.Debug|x64.Build.0 = Debug|x64
		{6D76D748-FDAB-4E79-A4F0-6FC52117C2D8}.Release|ARM64.ActiveCfg = Release|ARM64
		{6D76D748-FDAB-4E79-A4F0-6FC52117C2D8}.Release|ARM64.Build.0 = Release|ARM64
		{6D76D748-FDAB-4E79-A4F0-6FC52117C2D8}.Release|x64.ActiveCfg = Release|x64
		{6D76D748-FDAB-4E79-A4F0-6FC52117C2D8}.Release|x64.Build.0 = Release|x64
		{BD870A23-63B1-4B65-8182-46B9637B0A66}.Debug|ARM64.ActiveCfg = Debug|ARM64
		{BD870A23-63B1-4B65-8182-46B9637B0A66}.Debug|ARM64.Build.0 = Debug|ARM64
		{BD870A23-63B1-4B65-8182-46B9637B0A66}.Debug|x64.ActiveCfg = Debug|x64
		{BD870A23-63B1-4B65-8182-46B9637B0A66}.Debug|x64.Build.0 = Debug|x64
		{BD870A23-63B1-4B65-8182-46B9637B0A66}.Release|ARM64.ActiveCfg = Release|ARM64
		{BD870A23-63B1-4B65-8182-46B9637B0A66}.Release|ARM64.Build.0 = Release|ARM64
		{BD870A23-63B1-4B65-8182-46B9637B0A66}.Release|x64.ActiveCfg = Release|x64
		{BD870A23-63B1-4B65-8182-46B9637B0A66}.Release|x64.Build.0 = Release|x64
		{14C84B93-7D70-4E29-9CAA-7826C241EF5C}.Debug|ARM64.ActiveCfg = Debug|ARM64
		{14C84B93-7D70-4E29-9CAA-7826C241EF5C}.Debug|ARM64.Build.0 = Debug|ARM64
		{14C84B93-7D70-4E29-9CAA-7826C241EF5C}.Debug|x64.ActiveCfg = Debug|x64
		{14C84B93-7D70-4E29-9CAA-7826C241EF5C}.Debug|x64.Build.0 = Debug|x64
		{14C84B93-7D70-4E29-9CAA-7826C241EF5C}.Release|ARM64.ActiveCfg = Release|ARM64
		{14C84B93-7D70-4E29-9CAA-7826C241EF5C}.Release|ARM64.Build.0 = Release|ARM64
		{14C84B93-7D70-4E29-9CAA-7826C241EF5C}.Release|x64.ActiveCfg = Release|x64
		{14C84B93-7D70-4E29-9CAA-7826C241EF5C}.Release|x64.Build.0 = Release|x64
		{A3A9AF10-0FD7-49E9-BECF-FEC1402DB8F2}.Debug|ARM64.ActiveCfg = Debug|ARM64
		{A3A9AF10-0FD7-49E9-BECF-FEC1402DB8F2}.Debug|ARM64.Build.0 = Debug|ARM64
		{A3A9AF10-0FD7-49E9-BECF-FEC1402DB8F2}.Debug|x64.ActiveCfg = Debug|x64
		{A3A9AF10-0FD7-49E9-BECF-FEC1402DB8F2}.Debug|x64.Build.0 = Debug|x64
		{A3A9AF10-0FD7-49E9-BECF-FEC1402DB8F2}.Release|ARM64.ActiveCfg = Release|ARM64
		{A3A9AF10-0FD7-49E9-BECF-FEC1402DB8F2}.Release|ARM64.Build.0 = Release|ARM64
		{A3A9AF10-0FD7-49E9-BECF-FEC1402DB8F2}.Release|x64.ActiveCfg = Release|x64
		{A3A9AF10-0FD7-49E9-BECF-FEC1402DB8F2}.Release|x64.Build.0 = Release|x64
		{99869298-C2BB-41AE-8CA4-ED1E7AF99131}.Debug|ARM64.ActiveCfg = Debug|ARM64
		{99869298-C2BB-41AE-8CA4-ED1E7AF99131}.Debug|ARM64.Build.0 = Debug|ARM64
		{99869298-C2BB-41AE-8CA4-ED1E7AF99131}.Debug|x64.ActiveCfg = Debug|x64
		{99869298-C2BB-41AE-8CA4-ED1E7AF99131}.Debug|x64.Build.0 = Debug|x64
		{99869298-C2BB-41AE-8CA4-ED1E7AF99131}.Release|ARM64.ActiveCfg = Release|ARM64
		{99869298-C2BB-41AE-8CA4-ED1E7AF99131}.Release|ARM64.Build.0 = Release|ARM64
		{99869298-C2BB-41AE-8CA4-ED1E7AF99131}.Release|x64.ActiveCfg = Release|x64
		{99869298-C2BB-41AE-8CA4-ED1E7AF99131}.Release|x64.Build.0 = Release|x64
		{BA680E70-3F6B-43BD-9BAF-364068B9B816}.Debug|ARM64.ActiveCfg = Debug|ARM64
		{BA680E70-3F6B-43BD-9BAF-364068B9B816}.Debug|ARM64.Build.0 = Debug|ARM64
		{BA680E70-3F6B-43BD-9BAF-364068B9B816}.Debug|x64.ActiveCfg = Debug|x64
		{BA680E70-3F6B-43BD-9BAF-364068B9B816}.Debug|x64.Build.0 = Debug|x64
		{BA680E70-3F6B-43BD-9BAF-364068B9B816}.Release|ARM64.ActiveCfg = Release|ARM64
		{BA680E70-3F6B-43BD-9BAF-364068B9B816}.Release|ARM64.Build.0 = Release|ARM64
		{BA680E70-3F6B-43BD-9BAF-364068B9B816}.Release|x64.ActiveCfg = Release|x64
		{BA680E70-3F6B-43BD-9BAF-364068B9B816}.Release|x64.Build.0 = Release|x64
		{E95E3717-5D81-4BB6-92F3-3C34EE2674ED}.Debug|ARM64.ActiveCfg = Debug|ARM64
		{E95E3717-5D81-4BB6-92F3-3C34EE2674ED}.Debug|ARM64.Build.0 = Debug|ARM64
		{E95E3717-5D81-4BB6-92F3-3C34EE2674ED}.Debug|x64.ActiveCfg = Debug|x64
		{E95E3717-5D81-4BB6-92F3-3C34EE2674ED}.Debug|x64.Build.0 = Debug|x64
		{E95E3717-5D81-4BB6-92F3-3C34EE2674ED}.Release|ARM64.ActiveCfg = Release|ARM64
		{E95E3717-5D81-4BB6-92F3-3C34EE2674ED}.Release|ARM64.Build.0 = Release|ARM64
		{E95E3717-5D81-4BB6-92F3-3C34EE2674ED}.Release|x64.ActiveCfg = Release|x64
		{E95E3717-5D81-4BB6-92F3-3C34EE2674ED}.Release|x64.Build.0 = Release|x64
		{79E14FC5-4FF2-4292-B160-046547FEB3F5}.Debug|ARM64.ActiveCfg = Debug|ARM64
		{79E14FC5-4FF2-4292-B160-046547FEB3F5}.Debug|ARM64.Build.0 = Debug|ARM64
		{79E14FC5-4FF2-4292-B160-046547FEB3F5}.Debug|x64.ActiveCfg = Debug|x64
		{79E14FC5-4FF2-4292-B160-046547FEB3F5}.Debug|x64.Build.0 = Debug|x64
		{79E14FC5-4FF2-4292-B160-046547FEB3F5}.Release|ARM64.ActiveCfg = Release|ARM64
		{79E14FC5-4FF2-4292-B160-046547FEB3F5}.Release|ARM64.Build.0 = Release|ARM64
		{79E14FC5-4FF2-4292-B160-046547FEB3F5}.Release|x64.ActiveCfg = Release|x64
		{79E14FC5-4FF2-4292-B160-046547FEB3F5}.Release|x64.Build.0 = Release|x64
	EndGlobalSection
	GlobalSection(SolutionProperties) = preSolution
		HideSolutionNode = FALSE
	EndGlobalSection
	GlobalSection(NestedProjects) = preSolution
		{4BAF2AC7-F985-445F-86C4-14CB081EA88A} = {43344893-1C5C-4D73-ABB8-DCDAD09B05EB}
		{D0CB2BA5-EB3D-40FF-8118-E08270698E8A} = {43344893-1C5C-4D73-ABB8-DCDAD09B05EB}
		{B875C5D7-4633-4716-87E6-D189BB014D58} = {43344893-1C5C-4D73-ABB8-DCDAD09B05EB}
		{6D76D748-FDAB-4E79-A4F0-6FC52117C2D8} = {43344893-1C5C-4D73-ABB8-DCDAD09B05EB}
		{BD870A23-63B1-4B65-8182-46B9637B0A66} = {43344893-1C5C-4D73-ABB8-DCDAD09B05EB}
		{14C84B93-7D70-4E29-9CAA-7826C241EF5C} = {43344893-1C5C-4D73-ABB8-DCDAD09B05EB}
		{A3A9AF10-0FD7-49E9-BECF-FEC1402DB8F2} = {2666A902-E6C9-430B-BC28-E54E8994943D}
		{99869298-C2BB-41AE-8CA4-ED1E7AF99131} = {2666A902-E6C9-430B-BC28-E54E8994943D}
		{BA680E70-3F6B-43BD-9BAF-364068B9B816} = {2666A902-E6C9-430B-BC28-E54E8994943D}
		{E95E3717-5D81-4BB6-92F3-3C34EE2674ED} = {2666A902-E6C9-430B-BC28-E54E8994943D}
		{79E14FC5-4FF2-4292-B160-046547FEB3F5} = {2666A902-E6C9-430B-BC28-E54E8994943D}
	EndGlobalSection
	GlobalSection(ExtensibilityGlobals) = postSolution
		SolutionGuid = {4A19E975-BE90-49DB-A23D-D10B921F57B3}
	EndGlobalSection
EndGlobal
