
Microsoft Visual Studio Solution File, Format Version 12.00
# Visual Studio Version 17
VisualStudioVersion = 17.0.31410.414
MinimumVisualStudioVersion = 10.0.40219.1
Project("{2150E333-8FDC-42A3-9474-1A3956D46DE8}") = "PdpDream0P", "PdpDream0P", "{A2B36B78-A7F1-45C2-8AA1-6446E71A1C11}"
	ProjectSection(SolutionItems) = preProject
		.editorconfig = .editorconfig
		Directory.Build.props = Directory.Build.props
		global.json = global.json
		NuGet.config = NuGet.config
		ReadMe.md = ReadMe.md
		TelerikNuGetPackages\ReadMe.Telerik.md = TelerikNuGetPackages\ReadMe.Telerik.md
		PdpDevTestdata\XunitDevTestDebug.json = PdpDevTestdata\XunitDevTestDebug.json
	EndProjectSection
EndProject
Project("{9A19103F-16F7-4668-BE54-9A1E7A4F7556}") = "PDP.DREAM.NexusWebLib", "PDP.DREAM.NexusWebLib\PDP.DREAM.NexusWebLib.csproj", "{6D76D748-FDAB-4E79-A4F0-6FC52117C2D8}"
EndProject
Project("{9A19103F-16F7-4668-BE54-9A1E7A4F7556}") = "PDP.DREAM.ScribeWebLib", "PDP.DREAM.ScribeWebLib\PDP.DREAM.ScribeWebLib.csproj", "{BD870A23-63B1-4B65-8182-46B9637B0A66}"
EndProject
Project("{2150E333-8FDC-42A3-9474-1A3956D46DE8}") = "CodeLibs4P", "CodeLibs4P", "{C892A8E8-D3AC-406C-8465-B53C84238F2D}"
EndProject
Project("{2150E333-8FDC-42A3-9474-1A3956D46DE8}") = "UnitTests4P", "UnitTests4P", "{A1C08819-844B-4626-96C3-0E896F91BD10}"
EndProject
Project("{2150E333-8FDC-42A3-9474-1A3956D46DE8}") = "ProgTests6P", "ProgTests6P", "{C14F10B8-957A-4CA5-9BE1-3AD5DE2BB4BE}"
EndProject
Project("{9A19103F-16F7-4668-BE54-9A1E7A4F7556}") = "PDP.DREAM.CoreWebLib", "PDP.DREAM.CoreWebLib\PDP.DREAM.CoreWebLib.csproj", "{D811D088-93DF-403B-B232-A0CBD6A93F5B}"
EndProject
Project("{9A19103F-16F7-4668-BE54-9A1E7A4F7556}") = "PDP.UnitTest.ScribeWebLib", "PDP.UnitTest.ScribeWebLib\PDP.UnitTest.ScribeWebLib.csproj", "{B84BEC4B-920C-4A05-8DE4-A5C07113F1A6}"
EndProject
Project("{9A19103F-16F7-4668-BE54-9A1E7A4F7556}") = "PDP.UnitTest.NexusWebLib", "PDP.UnitTest.NexusWebLib\PDP.UnitTest.NexusWebLib.csproj", "{D2DDB621-7547-4E4F-8451-AB5D1B4C9890}"
EndProject
Project("{9A19103F-16F7-4668-BE54-9A1E7A4F7556}") = "PDP.UnitTest.CoreWebLib", "PDP.UnitTest.CoreWebLib\PDP.UnitTest.CoreWebLib.csproj", "{E0B1239E-4B6F-4517-98C7-54F6F3C2FAA4}"
EndProject
Project("{9A19103F-16F7-4668-BE54-9A1E7A4F7556}") = "PDP.ProgTest.ScribeWebApp", "PDP.ProgTest.ScribeWebApp\PDP.ProgTest.ScribeWebApp.csproj", "{AC9461E8-DFE9-4B81-957A-8FA01C7B7E53}"
EndProject
Project("{9A19103F-16F7-4668-BE54-9A1E7A4F7556}") = "PDP.ProgTest.ScribeRestApi", "PDP.ProgTest.ScribeRestApi\PDP.ProgTest.ScribeRestApi.csproj", "{CE406579-7DE9-4073-BB4C-B3212B7B0FE9}"
EndProject
Project("{9A19103F-16F7-4668-BE54-9A1E7A4F7556}") = "PDP.ProgTest.NexusWebApp", "PDP.ProgTest.NexusWebApp\PDP.ProgTest.NexusWebApp.csproj", "{4BFCECB2-F151-4E98-8F38-0C7D1BA438BA}"
EndProject
Project("{9A19103F-16F7-4668-BE54-9A1E7A4F7556}") = "PDP.ProgTest.NexusRestApi", "PDP.ProgTest.NexusRestApi\PDP.ProgTest.NexusRestApi.csproj", "{7E6D1F40-7223-412A-803D-DB4B433DFBEE}"
EndProject
Project("{9A19103F-16F7-4668-BE54-9A1E7A4F7556}") = "PDP.ProgTest.CoreWebApp", "PDP.ProgTest.CoreWebApp\PDP.ProgTest.CoreWebApp.csproj", "{D12BAD04-0CCB-4AD8-B917-F10CF1C72E40}"
EndProject
Project("{2150E333-8FDC-42A3-9474-1A3956D46DE8}") = "PdpSite0P", "PdpSite0P", "{C6A1249F-FAC3-4FF1-97F5-741D339B29FF}"
	ProjectSection(SolutionItems) = preProject
		..\..\..\PdpWebSite\PdpSiteDefault.html = ..\..\..\PdpWebSite\PdpSiteDefault.html
		..\..\..\PdpWebSite\PdpSiteStyle.css = ..\..\..\PdpWebSite\PdpSiteStyle.css
	EndProjectSection
EndProject
Project("{9A19103F-16F7-4668-BE54-9A1E7A4F7556}") = "PDP.DREAM.CoreDataLib", "PDP.DREAM.CoreDataLib\PDP.DREAM.CoreDataLib.csproj", "{5E60E2E7-3FF8-47E6-B5B0-9E5F3B4AA441}"
EndProject
Project("{9A19103F-16F7-4668-BE54-9A1E7A4F7556}") = "PDP.ProgTest.CoreRestApi", "PDP.ProgTest.CoreRestApi\PDP.ProgTest.CoreRestApi.csproj", "{93C7B2DD-9023-43FA-A91E-5696B605C3CB}"
EndProject
Project("{9A19103F-16F7-4668-BE54-9A1E7A4F7556}") = "PDP.UnitTest.CoreDataLib", "PDP.UnitTest.CoreDataLib\PDP.UnitTest.CoreDataLib.csproj", "{0EC98684-2276-4FD0-80D8-564AB3285ACF}"
EndProject
Global
	GlobalSection(SolutionConfigurationPlatforms) = preSolution
		Debug|ARM64 = Debug|ARM64
		Debug|x64 = Debug|x64
		Release|ARM64 = Release|ARM64
		Release|x64 = Release|x64
	EndGlobalSection
	GlobalSection(ProjectConfigurationPlatforms) = postSolution
		{6D76D748-FDAB-4E79-A4F0-6FC52117C2D8}.Debug|ARM64.ActiveCfg = Debug|ARM64
		{6D76D748-FDAB-4E79-A4F0-6FC52117C2D8}.Debug|ARM64.Build.0 = Debug|ARM64
		{6D76D748-FDAB-4E79-A4F0-6FC52117C2D8}.Debug|x64.ActiveCfg = Debug|x64
		{6D76D748-FDAB-4E79-A4F0-6FC52117C2D8}.Debug|x64.Build.0 = Debug|x64
		{6D76D748-FDAB-4E79-A4F0-6FC52117C2D8}.Release|ARM64.ActiveCfg = Release|ARM64
		{6D76D748-FDAB-4E79-A4F0-6FC52117C2D8}.Release|ARM64.Build.0 = Release|ARM64
		{6D76D748-FDAB-4E79-A4F0-6FC52117C2D8}.Release|x64.ActiveCfg = Release|x64
		{6D76D748-FDAB-4E79-A4F0-6FC52117C2D8}.Release|x64.Build.0 = Release|x64
		{BD870A23-63B1-4B65-8182-46B9637B0A66}.Debug|ARM64.ActiveCfg = Debug|ARM64
		{BD870A23-63B1-4B65-8182-46B9637B0A66}.Debug|ARM64.Build.0 = Debug|ARM64
		{BD870A23-63B1-4B65-8182-46B9637B0A66}.Debug|x64.ActiveCfg = Debug|x64
		{BD870A23-63B1-4B65-8182-46B9637B0A66}.Debug|x64.Build.0 = Debug|x64
		{BD870A23-63B1-4B65-8182-46B9637B0A66}.Release|ARM64.ActiveCfg = Release|ARM64
		{BD870A23-63B1-4B65-8182-46B9637B0A66}.Release|ARM64.Build.0 = Release|ARM64
		{BD870A23-63B1-4B65-8182-46B9637B0A66}.Release|x64.ActiveCfg = Release|x64
		{BD870A23-63B1-4B65-8182-46B9637B0A66}.Release|x64.Build.0 = Release|x64
		{D811D088-93DF-403B-B232-A0CBD6A93F5B}.Debug|ARM64.ActiveCfg = Debug|ARM64
		{D811D088-93DF-403B-B232-A0CBD6A93F5B}.Debug|ARM64.Build.0 = Debug|ARM64
		{D811D088-93DF-403B-B232-A0CBD6A93F5B}.Debug|x64.ActiveCfg = Debug|x64
		{D811D088-93DF-403B-B232-A0CBD6A93F5B}.Debug|x64.Build.0 = Debug|x64
		{D811D088-93DF-403B-B232-A0CBD6A93F5B}.Release|ARM64.ActiveCfg = Release|ARM64
		{D811D088-93DF-403B-B232-A0CBD6A93F5B}.Release|ARM64.Build.0 = Release|ARM64
		{D811D088-93DF-403B-B232-A0CBD6A93F5B}.Release|x64.ActiveCfg = Release|x64
		{D811D088-93DF-403B-B232-A0CBD6A93F5B}.Release|x64.Build.0 = Release|x64
		{B84BEC4B-920C-4A05-8DE4-A5C07113F1A6}.Debug|ARM64.ActiveCfg = Debug|ARM64
		{B84BEC4B-920C-4A05-8DE4-A5C07113F1A6}.Debug|ARM64.Build.0 = Debug|ARM64
		{B84BEC4B-920C-4A05-8DE4-A5C07113F1A6}.Debug|x64.ActiveCfg = Debug|x64
		{B84BEC4B-920C-4A05-8DE4-A5C07113F1A6}.Debug|x64.Build.0 = Debug|x64
		{B84BEC4B-920C-4A05-8DE4-A5C07113F1A6}.Release|ARM64.ActiveCfg = Release|ARM64
		{B84BEC4B-920C-4A05-8DE4-A5C07113F1A6}.Release|ARM64.Build.0 = Release|ARM64
		{B84BEC4B-920C-4A05-8DE4-A5C07113F1A6}.Release|x64.ActiveCfg = Release|x64
		{B84BEC4B-920C-4A05-8DE4-A5C07113F1A6}.Release|x64.Build.0 = Release|x64
		{D2DDB621-7547-4E4F-8451-AB5D1B4C9890}.Debug|ARM64.ActiveCfg = Debug|ARM64
		{D2DDB621-7547-4E4F-8451-AB5D1B4C9890}.Debug|ARM64.Build.0 = Debug|ARM64
		{D2DDB621-7547-4E4F-8451-AB5D1B4C9890}.Debug|x64.ActiveCfg = Debug|x64
		{D2DDB621-7547-4E4F-8451-AB5D1B4C9890}.Debug|x64.Build.0 = Debug|x64
		{D2DDB621-7547-4E4F-8451-AB5D1B4C9890}.Release|ARM64.ActiveCfg = Release|ARM64
		{D2DDB621-7547-4E4F-8451-AB5D1B4C9890}.Release|ARM64.Build.0 = Release|ARM64
		{D2DDB621-7547-4E4F-8451-AB5D1B4C9890}.Release|x64.ActiveCfg = Release|x64
		{D2DDB621-7547-4E4F-8451-AB5D1B4C9890}.Release|x64.Build.0 = Release|x64
		{E0B1239E-4B6F-4517-98C7-54F6F3C2FAA4}.Debug|ARM64.ActiveCfg = Debug|ARM64
		{E0B1239E-4B6F-4517-98C7-54F6F3C2FAA4}.Debug|ARM64.Build.0 = Debug|ARM64
		{E0B1239E-4B6F-4517-98C7-54F6F3C2FAA4}.Debug|x64.ActiveCfg = Debug|x64
		{E0B1239E-4B6F-4517-98C7-54F6F3C2FAA4}.Debug|x64.Build.0 = Debug|x64
		{E0B1239E-4B6F-4517-98C7-54F6F3C2FAA4}.Release|ARM64.ActiveCfg = Release|ARM64
		{E0B1239E-4B6F-4517-98C7-54F6F3C2FAA4}.Release|ARM64.Build.0 = Release|ARM64
		{E0B1239E-4B6F-4517-98C7-54F6F3C2FAA4}.Release|x64.ActiveCfg = Release|x64
		{E0B1239E-4B6F-4517-98C7-54F6F3C2FAA4}.Release|x64.Build.0 = Release|x64
		{AC9461E8-DFE9-4B81-957A-8FA01C7B7E53}.Debug|ARM64.ActiveCfg = Debug|ARM64
		{AC9461E8-DFE9-4B81-957A-8FA01C7B7E53}.Debug|ARM64.Build.0 = Debug|ARM64
		{AC9461E8-DFE9-4B81-957A-8FA01C7B7E53}.Debug|x64.ActiveCfg = Debug|x64
		{AC9461E8-DFE9-4B81-957A-8FA01C7B7E53}.Debug|x64.Build.0 = Debug|x64
		{AC9461E8-DFE9-4B81-957A-8FA01C7B7E53}.Release|ARM64.ActiveCfg = Release|ARM64
		{AC9461E8-DFE9-4B81-957A-8FA01C7B7E53}.Release|ARM64.Build.0 = Release|ARM64
		{AC9461E8-DFE9-4B81-957A-8FA01C7B7E53}.Release|x64.ActiveCfg = Release|x64
		{AC9461E8-DFE9-4B81-957A-8FA01C7B7E53}.Release|x64.Build.0 = Release|x64
		{CE406579-7DE9-4073-BB4C-B3212B7B0FE9}.Debug|ARM64.ActiveCfg = Debug|ARM64
		{CE406579-7DE9-4073-BB4C-B3212B7B0FE9}.Debug|ARM64.Build.0 = Debug|ARM64
		{CE406579-7DE9-4073-BB4C-B3212B7B0FE9}.Debug|x64.ActiveCfg = Debug|x64
		{CE406579-7DE9-4073-BB4C-B3212B7B0FE9}.Debug|x64.Build.0 = Debug|x64
		{CE406579-7DE9-4073-BB4C-B3212B7B0FE9}.Release|ARM64.ActiveCfg = Release|ARM64
		{CE406579-7DE9-4073-BB4C-B3212B7B0FE9}.Release|ARM64.Build.0 = Release|ARM64
		{CE406579-7DE9-4073-BB4C-B3212B7B0FE9}.Release|x64.ActiveCfg = Release|x64
		{CE406579-7DE9-4073-BB4C-B3212B7B0FE9}.Release|x64.Build.0 = Release|x64
		{4BFCECB2-F151-4E98-8F38-0C7D1BA438BA}.Debug|ARM64.ActiveCfg = Debug|ARM64
		{4BFCECB2-F151-4E98-8F38-0C7D1BA438BA}.Debug|ARM64.Build.0 = Debug|ARM64
		{4BFCECB2-F151-4E98-8F38-0C7D1BA438BA}.Debug|x64.ActiveCfg = Debug|x64
		{4BFCECB2-F151-4E98-8F38-0C7D1BA438BA}.Debug|x64.Build.0 = Debug|x64
		{4BFCECB2-F151-4E98-8F38-0C7D1BA438BA}.Release|ARM64.ActiveCfg = Release|ARM64
		{4BFCECB2-F151-4E98-8F38-0C7D1BA438BA}.Release|ARM64.Build.0 = Release|ARM64
		{4BFCECB2-F151-4E98-8F38-0C7D1BA438BA}.Release|x64.ActiveCfg = Release|x64
		{4BFCECB2-F151-4E98-8F38-0C7D1BA438BA}.Release|x64.Build.0 = Release|x64
		{7E6D1F40-7223-412A-803D-DB4B433DFBEE}.Debug|ARM64.ActiveCfg = Debug|ARM64
		{7E6D1F40-7223-412A-803D-DB4B433DFBEE}.Debug|ARM64.Build.0 = Debug|ARM64
		{7E6D1F40-7223-412A-803D-DB4B433DFBEE}.Debug|x64.ActiveCfg = Debug|x64
		{7E6D1F40-7223-412A-803D-DB4B433DFBEE}.Debug|x64.Build.0 = Debug|x64
		{7E6D1F40-7223-412A-803D-DB4B433DFBEE}.Release|ARM64.ActiveCfg = Release|ARM64
		{7E6D1F40-7223-412A-803D-DB4B433DFBEE}.Release|ARM64.Build.0 = Release|ARM64
		{7E6D1F40-7223-412A-803D-DB4B433DFBEE}.Release|x64.ActiveCfg = Release|x64
		{7E6D1F40-7223-412A-803D-DB4B433DFBEE}.Release|x64.Build.0 = Release|x64
		{D12BAD04-0CCB-4AD8-B917-F10CF1C72E40}.Debug|ARM64.ActiveCfg = Debug|ARM64
		{D12BAD04-0CCB-4AD8-B917-F10CF1C72E40}.Debug|ARM64.Build.0 = Debug|ARM64
		{D12BAD04-0CCB-4AD8-B917-F10CF1C72E40}.Debug|x64.ActiveCfg = Debug|x64
		{D12BAD04-0CCB-4AD8-B917-F10CF1C72E40}.Debug|x64.Build.0 = Debug|x64
		{D12BAD04-0CCB-4AD8-B917-F10CF1C72E40}.Release|ARM64.ActiveCfg = Release|ARM64
		{D12BAD04-0CCB-4AD8-B917-F10CF1C72E40}.Release|ARM64.Build.0 = Release|ARM64
		{D12BAD04-0CCB-4AD8-B917-F10CF1C72E40}.Release|x64.ActiveCfg = Release|x64
		{D12BAD04-0CCB-4AD8-B917-F10CF1C72E40}.Release|x64.Build.0 = Release|x64
		{5E60E2E7-3FF8-47E6-B5B0-9E5F3B4AA441}.Debug|ARM64.ActiveCfg = Debug|ARM64
		{5E60E2E7-3FF8-47E6-B5B0-9E5F3B4AA441}.Debug|ARM64.Build.0 = Debug|ARM64
		{5E60E2E7-3FF8-47E6-B5B0-9E5F3B4AA441}.Debug|x64.ActiveCfg = Debug|x64
		{5E60E2E7-3FF8-47E6-B5B0-9E5F3B4AA441}.Debug|x64.Build.0 = Debug|x64
		{5E60E2E7-3FF8-47E6-B5B0-9E5F3B4AA441}.Release|ARM64.ActiveCfg = Release|ARM64
		{5E60E2E7-3FF8-47E6-B5B0-9E5F3B4AA441}.Release|ARM64.Build.0 = Release|ARM64
		{5E60E2E7-3FF8-47E6-B5B0-9E5F3B4AA441}.Release|x64.ActiveCfg = Release|x64
		{5E60E2E7-3FF8-47E6-B5B0-9E5F3B4AA441}.Release|x64.Build.0 = Release|x64
		{93C7B2DD-9023-43FA-A91E-5696B605C3CB}.Debug|ARM64.ActiveCfg = Debug|ARM64
		{93C7B2DD-9023-43FA-A91E-5696B605C3CB}.Debug|ARM64.Build.0 = Debug|ARM64
		{93C7B2DD-9023-43FA-A91E-5696B605C3CB}.Debug|x64.ActiveCfg = Debug|x64
		{93C7B2DD-9023-43FA-A91E-5696B605C3CB}.Debug|x64.Build.0 = Debug|x64
		{93C7B2DD-9023-43FA-A91E-5696B605C3CB}.Release|ARM64.ActiveCfg = Release|ARM64
		{93C7B2DD-9023-43FA-A91E-5696B605C3CB}.Release|ARM64.Build.0 = Release|ARM64
		{93C7B2DD-9023-43FA-A91E-5696B605C3CB}.Release|x64.ActiveCfg = Release|x64
		{93C7B2DD-9023-43FA-A91E-5696B605C3CB}.Release|x64.Build.0 = Release|x64
		{0EC98684-2276-4FD0-80D8-564AB3285ACF}.Debug|ARM64.ActiveCfg = Debug|ARM64
		{0EC98684-2276-4FD0-80D8-564AB3285ACF}.Debug|ARM64.Build.0 = Debug|ARM64
		{0EC98684-2276-4FD0-80D8-564AB3285ACF}.Debug|x64.ActiveCfg = Debug|x64
		{0EC98684-2276-4FD0-80D8-564AB3285ACF}.Debug|x64.Build.0 = Debug|x64
		{0EC98684-2276-4FD0-80D8-564AB3285ACF}.Release|ARM64.ActiveCfg = Release|ARM64
		{0EC98684-2276-4FD0-80D8-564AB3285ACF}.Release|ARM64.Build.0 = Release|ARM64
		{0EC98684-2276-4FD0-80D8-564AB3285ACF}.Release|x64.ActiveCfg = Release|x64
		{0EC98684-2276-4FD0-80D8-564AB3285ACF}.Release|x64.Build.0 = Release|x64
	EndGlobalSection
	GlobalSection(SolutionProperties) = preSolution
		HideSolutionNode = FALSE
	EndGlobalSection
	GlobalSection(NestedProjects) = preSolution
		{6D76D748-FDAB-4E79-A4F0-6FC52117C2D8} = {C892A8E8-D3AC-406C-8465-B53C84238F2D}
		{BD870A23-63B1-4B65-8182-46B9637B0A66} = {C892A8E8-D3AC-406C-8465-B53C84238F2D}
		{D811D088-93DF-403B-B232-A0CBD6A93F5B} = {C892A8E8-D3AC-406C-8465-B53C84238F2D}
		{B84BEC4B-920C-4A05-8DE4-A5C07113F1A6} = {A1C08819-844B-4626-96C3-0E896F91BD10}
		{D2DDB621-7547-4E4F-8451-AB5D1B4C9890} = {A1C08819-844B-4626-96C3-0E896F91BD10}
		{E0B1239E-4B6F-4517-98C7-54F6F3C2FAA4} = {A1C08819-844B-4626-96C3-0E896F91BD10}
		{AC9461E8-DFE9-4B81-957A-8FA01C7B7E53} = {C14F10B8-957A-4CA5-9BE1-3AD5DE2BB4BE}
		{CE406579-7DE9-4073-BB4C-B3212B7B0FE9} = {C14F10B8-957A-4CA5-9BE1-3AD5DE2BB4BE}
		{4BFCECB2-F151-4E98-8F38-0C7D1BA438BA} = {C14F10B8-957A-4CA5-9BE1-3AD5DE2BB4BE}
		{7E6D1F40-7223-412A-803D-DB4B433DFBEE} = {C14F10B8-957A-4CA5-9BE1-3AD5DE2BB4BE}
		{D12BAD04-0CCB-4AD8-B917-F10CF1C72E40} = {C14F10B8-957A-4CA5-9BE1-3AD5DE2BB4BE}
		{5E60E2E7-3FF8-47E6-B5B0-9E5F3B4AA441} = {C892A8E8-D3AC-406C-8465-B53C84238F2D}
		{93C7B2DD-9023-43FA-A91E-5696B605C3CB} = {C14F10B8-957A-4CA5-9BE1-3AD5DE2BB4BE}
		{0EC98684-2276-4FD0-80D8-564AB3285ACF} = {A1C08819-844B-4626-96C3-0E896F91BD10}
	EndGlobalSection
	GlobalSection(ExtensibilityGlobals) = postSolution
		SolutionGuid = {4A19E975-BE90-49DB-A23D-D10B921F57B3}
	EndGlobalSection
EndGlobal
